
Microsoft Visual Studio Solution File, Format Version 12.00
# Visual Studio 14
VisualStudioVersion = 14.0.25123.0
MinimumVisualStudioVersion = 10.0.40219.1
Project("{8BB2217D-0F2D-49D1-97BC-3654ED321F3B}") = "Arcane", "src\Arcane\Arcane.xproj", "{9EBC0185-7DCD-4A29-AEF6-2F6D07B3102E}"
EndProject
Project("{2150E333-8FDC-42A3-9474-1A3956D46DE8}") = "src", "src", "{12D818B2-7AAC-4B29-A034-7A63B2E409AA}"
EndProject
Project("{2150E333-8FDC-42A3-9474-1A3956D46DE8}") = "tests", "tests", "{4189C934-168E-4AC0-95F6-B4946A2DC24B}"
EndProject
Project("{8BB2217D-0F2D-49D1-97BC-3654ED321F3B}") = "ArcaneTests", "tests\ArcaneTests\ArcaneTests.xproj", "{F0548096-57F5-4CA9-ABC6-7B4D0D5F7AB1}"
EndProject
Project("{8BB2217D-0F2D-49D1-97BC-3654ED321F3B}") = "Arcane.MongoDB", "src\Arcane.MongoDB\Arcane.MongoDB.xproj", "{E3A8F833-980A-4AE2-9373-CFFB083836F8}"
EndProject
Project("{8BB2217D-0F2D-49D1-97BC-3654ED321F3B}") = "Arcane.DocumentDB", "src\Arcane.DocumentDB\Arcane.DocumentDB.xproj", "{7CB746D7-2AB8-44DD-A3EB-5C90E9DEF801}"
EndProject
Project("{2150E333-8FDC-42A3-9474-1A3956D46DE8}") = "Solution Items", "Solution Items", "{A29D0DB9-551C-457A-91D6-FE8779634E07}"
	ProjectSection(SolutionItems) = preProject
		tests\ArcaneTests\global.json = tests\ArcaneTests\global.json
	EndProjectSection
EndProject
Project("{8BB2217D-0F2D-49D1-97BC-3654ED321F3B}") = "Arcane.EntityFramework", "src\Arcane.EntityFramework\Arcane.EntityFramework.xproj", "{89609C98-26FB-4BAF-9D0A-C8344BC2D6C2}"
EndProject
Project("{8BB2217D-0F2D-49D1-97BC-3654ED321F3B}") = "NetCoreArcaneTests", "tests\NetCoreArcaneTests\NetCoreArcaneTests.xproj", "{A6F33CCF-F432-4D38-91AE-F8B261B20BF0}"
EndProject
Global
	GlobalSection(SolutionConfigurationPlatforms) = preSolution
		Debug|Any CPU = Debug|Any CPU
		Release|Any CPU = Release|Any CPU
	EndGlobalSection
	GlobalSection(ProjectConfigurationPlatforms) = postSolution
		{9EBC0185-7DCD-4A29-AEF6-2F6D07B3102E}.Debug|Any CPU.ActiveCfg = Debug|Any CPU
		{9EBC0185-7DCD-4A29-AEF6-2F6D07B3102E}.Debug|Any CPU.Build.0 = Debug|Any CPU
		{9EBC0185-7DCD-4A29-AEF6-2F6D07B3102E}.Release|Any CPU.ActiveCfg = Release|Any CPU
		{9EBC0185-7DCD-4A29-AEF6-2F6D07B3102E}.Release|Any CPU.Build.0 = Release|Any CPU
		{F0548096-57F5-4CA9-ABC6-7B4D0D5F7AB1}.Debug|Any CPU.ActiveCfg = Debug|Any CPU
		{F0548096-57F5-4CA9-ABC6-7B4D0D5F7AB1}.Debug|Any CPU.Build.0 = Debug|Any CPU
		{F0548096-57F5-4CA9-ABC6-7B4D0D5F7AB1}.Release|Any CPU.ActiveCfg = Release|Any CPU
		{F0548096-57F5-4CA9-ABC6-7B4D0D5F7AB1}.Release|Any CPU.Build.0 = Release|Any CPU
		{E3A8F833-980A-4AE2-9373-CFFB083836F8}.Debug|Any CPU.ActiveCfg = Debug|Any CPU
		{E3A8F833-980A-4AE2-9373-CFFB083836F8}.Debug|Any CPU.Build.0 = Debug|Any CPU
		{E3A8F833-980A-4AE2-9373-CFFB083836F8}.Release|Any CPU.ActiveCfg = Release|Any CPU
		{E3A8F833-980A-4AE2-9373-CFFB083836F8}.Release|Any CPU.Build.0 = Release|Any CPU
		{7CB746D7-2AB8-44DD-A3EB-5C90E9DEF801}.Debug|Any CPU.ActiveCfg = Debug|Any CPU
		{7CB746D7-2AB8-44DD-A3EB-5C90E9DEF801}.Debug|Any CPU.Build.0 = Debug|Any CPU
		{7CB746D7-2AB8-44DD-A3EB-5C90E9DEF801}.Release|Any CPU.ActiveCfg = Release|Any CPU
		{7CB746D7-2AB8-44DD-A3EB-5C90E9DEF801}.Release|Any CPU.Build.0 = Release|Any CPU
		{89609C98-26FB-4BAF-9D0A-C8344BC2D6C2}.Debug|Any CPU.ActiveCfg = Debug|Any CPU
		{89609C98-26FB-4BAF-9D0A-C8344BC2D6C2}.Debug|Any CPU.Build.0 = Debug|Any CPU
		{89609C98-26FB-4BAF-9D0A-C8344BC2D6C2}.Release|Any CPU.ActiveCfg = Release|Any CPU
		{89609C98-26FB-4BAF-9D0A-C8344BC2D6C2}.Release|Any CPU.Build.0 = Release|Any CPU
		{A6F33CCF-F432-4D38-91AE-F8B261B20BF0}.Debug|Any CPU.ActiveCfg = Debug|Any CPU
		{A6F33CCF-F432-4D38-91AE-F8B261B20BF0}.Debug|Any CPU.Build.0 = Debug|Any CPU
		{A6F33CCF-F432-4D38-91AE-F8B261B20BF0}.Release|Any CPU.ActiveCfg = Release|Any CPU
		{A6F33CCF-F432-4D38-91AE-F8B261B20BF0}.Release|Any CPU.Build.0 = Release|Any CPU
	EndGlobalSection
	GlobalSection(SolutionProperties) = preSolution
		HideSolutionNode = FALSE
	EndGlobalSection
	GlobalSection(NestedProjects) = preSolution
		{9EBC0185-7DCD-4A29-AEF6-2F6D07B3102E} = {12D818B2-7AAC-4B29-A034-7A63B2E409AA}
		{F0548096-57F5-4CA9-ABC6-7B4D0D5F7AB1} = {4189C934-168E-4AC0-95F6-B4946A2DC24B}
		{E3A8F833-980A-4AE2-9373-CFFB083836F8} = {12D818B2-7AAC-4B29-A034-7A63B2E409AA}
		{7CB746D7-2AB8-44DD-A3EB-5C90E9DEF801} = {12D818B2-7AAC-4B29-A034-7A63B2E409AA}
		{89609C98-26FB-4BAF-9D0A-C8344BC2D6C2} = {12D818B2-7AAC-4B29-A034-7A63B2E409AA}
		{A6F33CCF-F432-4D38-91AE-F8B261B20BF0} = {4189C934-168E-4AC0-95F6-B4946A2DC24B}
	EndGlobalSection
EndGlobal
